// !$*UTF8*$!
{
	archiveVersion = 1;
	classes = {
	};
	objectVersion = 56;
	objects = {

/* Begin PBXBuildFile section */
		331228C82BF4C6C0007CF8B0 /* ItemListViewController.swift in Sources */ = {isa = PBXBuildFile; fileRef = 331228C72BF4C6C0007CF8B0 /* ItemListViewController.swift */; };
		334A33202BF50C960046BDDD /* TagsStoryboard.storyboard in Resources */ = {isa = PBXBuildFile; fileRef = 334A331F2BF50C960046BDDD /* TagsStoryboard.storyboard */; };
		33A532852BF34C7700BB390F /* AppDelegate.swift in Sources */ = {isa = PBXBuildFile; fileRef = 33A532842BF34C7700BB390F /* AppDelegate.swift */; };
		33A532872BF34C7700BB390F /* SceneDelegate.swift in Sources */ = {isa = PBXBuildFile; fileRef = 33A532862BF34C7700BB390F /* SceneDelegate.swift */; };
		33A532892BF34C7700BB390F /* ItemFormViewController.swift in Sources */ = {isa = PBXBuildFile; fileRef = 33A532882BF34C7700BB390F /* ItemFormViewController.swift */; };
		33A5328C2BF34C7700BB390F /* Base in Resources */ = {isa = PBXBuildFile; fileRef = 33A5328B2BF34C7700BB390F /* Base */; };
		33A5328E2BF34C7800BB390F /* Assets.xcassets in Resources */ = {isa = PBXBuildFile; fileRef = 33A5328D2BF34C7800BB390F /* Assets.xcassets */; };
		33A532912BF34C7800BB390F /* Base in Resources */ = {isa = PBXBuildFile; fileRef = 33A532902BF34C7800BB390F /* Base */; };
		33A5329C2BF34C7800BB390F /* MoveTests.swift in Sources */ = {isa = PBXBuildFile; fileRef = 33A5329B2BF34C7800BB390F /* MoveTests.swift */; };
		33A532A62BF34C7800BB390F /* MoveUITests.swift in Sources */ = {isa = PBXBuildFile; fileRef = 33A532A52BF34C7800BB390F /* MoveUITests.swift */; };
		33A532A82BF34C7800BB390F /* MoveUITestsLaunchTests.swift in Sources */ = {isa = PBXBuildFile; fileRef = 33A532A72BF34C7800BB390F /* MoveUITestsLaunchTests.swift */; };
		33A532B62BF362EC00BB390F /* Item.swift in Sources */ = {isa = PBXBuildFile; fileRef = 33A532B52BF362EC00BB390F /* Item.swift */; };
		33A532B82BF36EB600BB390F /* Library.swift in Sources */ = {isa = PBXBuildFile; fileRef = 33A532B72BF36EB600BB390F /* Library.swift */; };
/* End PBXBuildFile section */

/* Begin PBXContainerItemProxy section */
		33A532982BF34C7800BB390F /* PBXContainerItemProxy */ = {
			isa = PBXContainerItemProxy;
			containerPortal = 33A532792BF34C7700BB390F /* Project object */;
			proxyType = 1;
			remoteGlobalIDString = 33A532802BF34C7700BB390F;
			remoteInfo = Move;
		};
		33A532A22BF34C7800BB390F /* PBXContainerItemProxy */ = {
			isa = PBXContainerItemProxy;
			containerPortal = 33A532792BF34C7700BB390F /* Project object */;
			proxyType = 1;
			remoteGlobalIDString = 33A532802BF34C7700BB390F;
			remoteInfo = Move;
		};
/* End PBXContainerItemProxy section */

/* Begin PBXFileReference section */
		331228C72BF4C6C0007CF8B0 /* ItemListViewController.swift */ = {isa = PBXFileReference; lastKnownFileType = sourcecode.swift; path = ItemListViewController.swift; sourceTree = "<group>"; };
		334A331F2BF50C960046BDDD /* TagsStoryboard.storyboard */ = {isa = PBXFileReference; lastKnownFileType = file.storyboard; path = TagsStoryboard.storyboard; sourceTree = "<group>"; };
		33A532812BF34C7700BB390F /* Move.app */ = {isa = PBXFileReference; explicitFileType = wrapper.application; includeInIndex = 0; path = Move.app; sourceTree = BUILT_PRODUCTS_DIR; };
		33A532842BF34C7700BB390F /* AppDelegate.swift */ = {isa = PBXFileReference; lastKnownFileType = sourcecode.swift; path = AppDelegate.swift; sourceTree = "<group>"; };
		33A532862BF34C7700BB390F /* SceneDelegate.swift */ = {isa = PBXFileReference; lastKnownFileType = sourcecode.swift; path = SceneDelegate.swift; sourceTree = "<group>"; };
		33A532882BF34C7700BB390F /* ItemFormViewController.swift */ = {isa = PBXFileReference; lastKnownFileType = sourcecode.swift; path = ItemFormViewController.swift; sourceTree = "<group>"; };
		33A5328B2BF34C7700BB390F /* Base */ = {isa = PBXFileReference; lastKnownFileType = file.storyboard; name = Base; path = Base.lproj/Main.storyboard; sourceTree = "<group>"; };
		33A5328D2BF34C7800BB390F /* Assets.xcassets */ = {isa = PBXFileReference; lastKnownFileType = folder.assetcatalog; path = Assets.xcassets; sourceTree = "<group>"; };
		33A532902BF34C7800BB390F /* Base */ = {isa = PBXFileReference; lastKnownFileType = file.storyboard; name = Base; path = Base.lproj/LaunchScreen.storyboard; sourceTree = "<group>"; };
		33A532922BF34C7800BB390F /* Info.plist */ = {isa = PBXFileReference; lastKnownFileType = text.plist.xml; path = Info.plist; sourceTree = "<group>"; };
		33A532972BF34C7800BB390F /* MoveTests.xctest */ = {isa = PBXFileReference; explicitFileType = wrapper.cfbundle; includeInIndex = 0; path = MoveTests.xctest; sourceTree = BUILT_PRODUCTS_DIR; };
		33A5329B2BF34C7800BB390F /* MoveTests.swift */ = {isa = PBXFileReference; lastKnownFileType = sourcecode.swift; path = MoveTests.swift; sourceTree = "<group>"; };
		33A532A12BF34C7800BB390F /* MoveUITests.xctest */ = {isa = PBXFileReference; explicitFileType = wrapper.cfbundle; includeInIndex = 0; path = MoveUITests.xctest; sourceTree = BUILT_PRODUCTS_DIR; };
		33A532A52BF34C7800BB390F /* MoveUITests.swift */ = {isa = PBXFileReference; lastKnownFileType = sourcecode.swift; path = MoveUITests.swift; sourceTree = "<group>"; };
		33A532A72BF34C7800BB390F /* MoveUITestsLaunchTests.swift */ = {isa = PBXFileReference; lastKnownFileType = sourcecode.swift; path = MoveUITestsLaunchTests.swift; sourceTree = "<group>"; };
		33A532B52BF362EC00BB390F /* Item.swift */ = {isa = PBXFileReference; lastKnownFileType = sourcecode.swift; path = Item.swift; sourceTree = "<group>"; };
		33A532B72BF36EB600BB390F /* Library.swift */ = {isa = PBXFileReference; lastKnownFileType = sourcecode.swift; path = Library.swift; sourceTree = "<group>"; };
/* End PBXFileReference section */

/* Begin PBXFrameworksBuildPhase section */
		33A5327E2BF34C7700BB390F /* Frameworks */ = {
			isa = PBXFrameworksBuildPhase;
			buildActionMask = 2147483647;
			files = (
			);
			runOnlyForDeploymentPostprocessing = 0;
		};
		33A532942BF34C7800BB390F /* Frameworks */ = {
			isa = PBXFrameworksBuildPhase;
			buildActionMask = 2147483647;
			files = (
			);
			runOnlyForDeploymentPostprocessing = 0;
		};
		33A5329E2BF34C7800BB390F /* Frameworks */ = {
			isa = PBXFrameworksBuildPhase;
			buildActionMask = 2147483647;
			files = (
			);
			runOnlyForDeploymentPostprocessing = 0;
		};
/* End PBXFrameworksBuildPhase section */

/* Begin PBXGroup section */
		33A532782BF34C7700BB390F = {
			isa = PBXGroup;
			children = (
				33A532832BF34C7700BB390F /* Move */,
				33A5329A2BF34C7800BB390F /* MoveTests */,
				33A532A42BF34C7800BB390F /* MoveUITests */,
				33A532822BF34C7700BB390F /* Products */,
			);
			sourceTree = "<group>";
		};
		33A532822BF34C7700BB390F /* Products */ = {
			isa = PBXGroup;
			children = (
				33A532812BF34C7700BB390F /* Move.app */,
				33A532972BF34C7800BB390F /* MoveTests.xctest */,
				33A532A12BF34C7800BB390F /* MoveUITests.xctest */,
			);
			name = Products;
			sourceTree = "<group>";
		};
		33A532832BF34C7700BB390F /* Move */ = {
			isa = PBXGroup;
			children = (
				33A532B42BF362BA00BB390F /* Models */,
				33A532842BF34C7700BB390F /* AppDelegate.swift */,
				33A532862BF34C7700BB390F /* SceneDelegate.swift */,
				33A532882BF34C7700BB390F /* ItemFormViewController.swift */,
				331228C72BF4C6C0007CF8B0 /* ItemListViewController.swift */,
				33A5328A2BF34C7700BB390F /* Main.storyboard */,
				334A331F2BF50C960046BDDD /* TagsStoryboard.storyboard */,
				33A5328D2BF34C7800BB390F /* Assets.xcassets */,
				33A5328F2BF34C7800BB390F /* LaunchScreen.storyboard */,
				33A532922BF34C7800BB390F /* Info.plist */,
			);
			path = Move;
			sourceTree = "<group>";
		};
		33A5329A2BF34C7800BB390F /* MoveTests */ = {
			isa = PBXGroup;
			children = (
				33A5329B2BF34C7800BB390F /* MoveTests.swift */,
			);
			path = MoveTests;
			sourceTree = "<group>";
		};
		33A532A42BF34C7800BB390F /* MoveUITests */ = {
			isa = PBXGroup;
			children = (
				33A532A52BF34C7800BB390F /* MoveUITests.swift */,
				33A532A72BF34C7800BB390F /* MoveUITestsLaunchTests.swift */,
			);
			path = MoveUITests;
			sourceTree = "<group>";
		};
		33A532B42BF362BA00BB390F /* Models */ = {
			isa = PBXGroup;
			children = (
				33A532B52BF362EC00BB390F /* Item.swift */,
				33A532B72BF36EB600BB390F /* Library.swift */,
			);
			path = Models;
			sourceTree = "<group>";
		};
/* End PBXGroup section */

/* Begin PBXNativeTarget section */
		33A532802BF34C7700BB390F /* Move */ = {
			isa = PBXNativeTarget;
			buildConfigurationList = 33A532AB2BF34C7800BB390F /* Build configuration list for PBXNativeTarget "Move" */;
			buildPhases = (
				33A5327D2BF34C7700BB390F /* Sources */,
				33A5327E2BF34C7700BB390F /* Frameworks */,
				33A5327F2BF34C7700BB390F /* Resources */,
			);
			buildRules = (
			);
			dependencies = (
			);
			name = Move;
			productName = Move;
			productReference = 33A532812BF34C7700BB390F /* Move.app */;
			productType = "com.apple.product-type.application";
		};
		33A532962BF34C7800BB390F /* MoveTests */ = {
			isa = PBXNativeTarget;
			buildConfigurationList = 33A532AE2BF34C7800BB390F /* Build configuration list for PBXNativeTarget "MoveTests" */;
			buildPhases = (
				33A532932BF34C7800BB390F /* Sources */,
				33A532942BF34C7800BB390F /* Frameworks */,
				33A532952BF34C7800BB390F /* Resources */,
			);
			buildRules = (
			);
			dependencies = (
				33A532992BF34C7800BB390F /* PBXTargetDependency */,
			);
			name = MoveTests;
			productName = MoveTests;
			productReference = 33A532972BF34C7800BB390F /* MoveTests.xctest */;
			productType = "com.apple.product-type.bundle.unit-test";
		};
		33A532A02BF34C7800BB390F /* MoveUITests */ = {
			isa = PBXNativeTarget;
			buildConfigurationList = 33A532B12BF34C7800BB390F /* Build configuration list for PBXNativeTarget "MoveUITests" */;
			buildPhases = (
				33A5329D2BF34C7800BB390F /* Sources */,
				33A5329E2BF34C7800BB390F /* Frameworks */,
				33A5329F2BF34C7800BB390F /* Resources */,
			);
			buildRules = (
			);
			dependencies = (
				33A532A32BF34C7800BB390F /* PBXTargetDependency */,
			);
			name = MoveUITests;
			productName = MoveUITests;
			productReference = 33A532A12BF34C7800BB390F /* MoveUITests.xctest */;
			productType = "com.apple.product-type.bundle.ui-testing";
		};
/* End PBXNativeTarget section */

/* Begin PBXProject section */
		33A532792BF34C7700BB390F /* Project object */ = {
			isa = PBXProject;
			attributes = {
				BuildIndependentTargetsInParallel = 1;
				LastSwiftUpdateCheck = 1530;
				LastUpgradeCheck = 1530;
				TargetAttributes = {
					33A532802BF34C7700BB390F = {
						CreatedOnToolsVersion = 15.3;
					};
					33A532962BF34C7800BB390F = {
						CreatedOnToolsVersion = 15.3;
						TestTargetID = 33A532802BF34C7700BB390F;
					};
					33A532A02BF34C7800BB390F = {
						CreatedOnToolsVersion = 15.3;
						TestTargetID = 33A532802BF34C7700BB390F;
					};
				};
			};
			buildConfigurationList = 33A5327C2BF34C7700BB390F /* Build configuration list for PBXProject "Move" */;
			compatibilityVersion = "Xcode 14.0";
			developmentRegion = en;
			hasScannedForEncodings = 0;
			knownRegions = (
				en,
				Base,
			);
			mainGroup = 33A532782BF34C7700BB390F;
			productRefGroup = 33A532822BF34C7700BB390F /* Products */;
			projectDirPath = "";
			projectRoot = "";
			targets = (
				33A532802BF34C7700BB390F /* Move */,
				33A532962BF34C7800BB390F /* MoveTests */,
				33A532A02BF34C7800BB390F /* MoveUITests */,
			);
		};
/* End PBXProject section */

/* Begin PBXResourcesBuildPhase section */
		33A5327F2BF34C7700BB390F /* Resources */ = {
			isa = PBXResourcesBuildPhase;
			buildActionMask = 2147483647;
			files = (
				334A33202BF50C960046BDDD /* TagsStoryboard.storyboard in Resources */,
				33A5328E2BF34C7800BB390F /* Assets.xcassets in Resources */,
				33A532912BF34C7800BB390F /* Base in Resources */,
				33A5328C2BF34C7700BB390F /* Base in Resources */,
			);
			runOnlyForDeploymentPostprocessing = 0;
		};
		33A532952BF34C7800BB390F /* Resources */ = {
			isa = PBXResourcesBuildPhase;
			buildActionMask = 2147483647;
			files = (
			);
			runOnlyForDeploymentPostprocessing = 0;
		};
		33A5329F2BF34C7800BB390F /* Resources */ = {
			isa = PBXResourcesBuildPhase;
			buildActionMask = 2147483647;
			files = (
			);
			runOnlyForDeploymentPostprocessing = 0;
		};
/* End PBXResourcesBuildPhase section */

/* Begin PBXSourcesBuildPhase section */
		33A5327D2BF34C7700BB390F /* Sources */ = {
			isa = PBXSourcesBuildPhase;
			buildActionMask = 2147483647;
			files = (
				33A532B62BF362EC00BB390F /* Item.swift in Sources */,
				33A532892BF34C7700BB390F /* ItemFormViewController.swift in Sources */,
				33A532B82BF36EB600BB390F /* Library.swift in Sources */,
				33A532852BF34C7700BB390F /* AppDelegate.swift in Sources */,
				33A532872BF34C7700BB390F /* SceneDelegate.swift in Sources */,
				331228C82BF4C6C0007CF8B0 /* ItemListViewController.swift in Sources */,
			);
			runOnlyForDeploymentPostprocessing = 0;
		};
		33A532932BF34C7800BB390F /* Sources */ = {
			isa = PBXSourcesBuildPhase;
			buildActionMask = 2147483647;
			files = (
				33A5329C2BF34C7800BB390F /* MoveTests.swift in Sources */,
			);
			runOnlyForDeploymentPostprocessing = 0;
		};
		33A5329D2BF34C7800BB390F /* Sources */ = {
			isa = PBXSourcesBuildPhase;
			buildActionMask = 2147483647;
			files = (
				33A532A62BF34C7800BB390F /* MoveUITests.swift in Sources */,
				33A532A82BF34C7800BB390F /* MoveUITestsLaunchTests.swift in Sources */,
			);
			runOnlyForDeploymentPostprocessing = 0;
		};
/* End PBXSourcesBuildPhase section */

/* Begin PBXTargetDependency section */
		33A532992BF34C7800BB390F /* PBXTargetDependency */ = {
			isa = PBXTargetDependency;
			target = 33A532802BF34C7700BB390F /* Move */;
			targetProxy = 33A532982BF34C7800BB390F /* PBXContainerItemProxy */;
		};
		33A532A32BF34C7800BB390F /* PBXTargetDependency */ = {
			isa = PBXTargetDependency;
			target = 33A532802BF34C7700BB390F /* Move */;
			targetProxy = 33A532A22BF34C7800BB390F /* PBXContainerItemProxy */;
		};
/* End PBXTargetDependency section */

/* Begin PBXVariantGroup section */
		33A5328A2BF34C7700BB390F /* Main.storyboard */ = {
			isa = PBXVariantGroup;
			children = (
				33A5328B2BF34C7700BB390F /* Base */,
			);
			name = Main.storyboard;
			sourceTree = "<group>";
		};
		33A5328F2BF34C7800BB390F /* LaunchScreen.storyboard */ = {
			isa = PBXVariantGroup;
			children = (
				33A532902BF34C7800BB390F /* Base */,
			);
			name = LaunchScreen.storyboard;
			sourceTree = "<group>";
		};
/* End PBXVariantGroup section */

/* Begin XCBuildConfiguration section */
		33A532A92BF34C7800BB390F /* Debug */ = {
			isa = XCBuildConfiguration;
			buildSettings = {
				ALWAYS_SEARCH_USER_PATHS = NO;
				ASSETCATALOG_COMPILER_GENERATE_SWIFT_ASSET_SYMBOL_EXTENSIONS = YES;
				CLANG_ANALYZER_NONNULL = YES;
				CLANG_ANALYZER_NUMBER_OBJECT_CONVERSION = YES_AGGRESSIVE;
				CLANG_CXX_LANGUAGE_STANDARD = "gnu++20";
				CLANG_ENABLE_MODULES = YES;
				CLANG_ENABLE_OBJC_ARC = YES;
				CLANG_ENABLE_OBJC_WEAK = YES;
				CLANG_WARN_BLOCK_CAPTURE_AUTORELEASING = YES;
				CLANG_WARN_BOOL_CONVERSION = YES;
				CLANG_WARN_COMMA = YES;
				CLANG_WARN_CONSTANT_CONVERSION = YES;
				CLANG_WARN_DEPRECATED_OBJC_IMPLEMENTATIONS = YES;
				CLANG_WARN_DIRECT_OBJC_ISA_USAGE = YES_ERROR;
				CLANG_WARN_DOCUMENTATION_COMMENTS = YES;
				CLANG_WARN_EMPTY_BODY = YES;
				CLANG_WARN_ENUM_CONVERSION = YES;
				CLANG_WARN_INFINITE_RECURSION = YES;
				CLANG_WARN_INT_CONVERSION = YES;
				CLANG_WARN_NON_LITERAL_NULL_CONVERSION = YES;
				CLANG_WARN_OBJC_IMPLICIT_RETAIN_SELF = YES;
				CLANG_WARN_OBJC_LITERAL_CONVERSION = YES;
				CLANG_WARN_OBJC_ROOT_CLASS = YES_ERROR;
				CLANG_WARN_QUOTED_INCLUDE_IN_FRAMEWORK_HEADER = YES;
				CLANG_WARN_RANGE_LOOP_ANALYSIS = YES;
				CLANG_WARN_STRICT_PROTOTYPES = YES;
				CLANG_WARN_SUSPICIOUS_MOVE = YES;
				CLANG_WARN_UNGUARDED_AVAILABILITY = YES_AGGRESSIVE;
				CLANG_WARN_UNREACHABLE_CODE = YES;
				CLANG_WARN__DUPLICATE_METHOD_MATCH = YES;
				COPY_PHASE_STRIP = NO;
				DEBUG_INFORMATION_FORMAT = dwarf;
				ENABLE_STRICT_OBJC_MSGSEND = YES;
				ENABLE_TESTABILITY = YES;
				ENABLE_USER_SCRIPT_SANDBOXING = YES;
				GCC_C_LANGUAGE_STANDARD = gnu17;
				GCC_DYNAMIC_NO_PIC = NO;
				GCC_NO_COMMON_BLOCKS = YES;
				GCC_OPTIMIZATION_LEVEL = 0;
				GCC_PREPROCESSOR_DEFINITIONS = (
					"DEBUG=1",
					"$(inherited)",
				);
				GCC_WARN_64_TO_32_BIT_CONVERSION = YES;
				GCC_WARN_ABOUT_RETURN_TYPE = YES_ERROR;
				GCC_WARN_UNDECLARED_SELECTOR = YES;
				GCC_WARN_UNINITIALIZED_AUTOS = YES_AGGRESSIVE;
				GCC_WARN_UNUSED_FUNCTION = YES;
				GCC_WARN_UNUSED_VARIABLE = YES;
				IPHONEOS_DEPLOYMENT_TARGET = 17.4;
				LOCALIZATION_PREFERS_STRING_CATALOGS = YES;
				MTL_ENABLE_DEBUG_INFO = INCLUDE_SOURCE;
				MTL_FAST_MATH = YES;
				ONLY_ACTIVE_ARCH = YES;
				SDKROOT = iphoneos;
				SWIFT_ACTIVE_COMPILATION_CONDITIONS = "DEBUG $(inherited)";
				SWIFT_OPTIMIZATION_LEVEL = "-Onone";
			};
			name = Debug;
		};
		33A532AA2BF34C7800BB390F /* Release */ = {
			isa = XCBuildConfiguration;
			buildSettings = {
				ALWAYS_SEARCH_USER_PATHS = NO;
				ASSETCATALOG_COMPILER_GENERATE_SWIFT_ASSET_SYMBOL_EXTENSIONS = YES;
				CLANG_ANALYZER_NONNULL = YES;
				CLANG_ANALYZER_NUMBER_OBJECT_CONVERSION = YES_AGGRESSIVE;
				CLANG_CXX_LANGUAGE_STANDARD = "gnu++20";
				CLANG_ENABLE_MODULES = YES;
				CLANG_ENABLE_OBJC_ARC = YES;
				CLANG_ENABLE_OBJC_WEAK = YES;
				CLANG_WARN_BLOCK_CAPTURE_AUTORELEASING = YES;
				CLANG_WARN_BOOL_CONVERSION = YES;
				CLANG_WARN_COMMA = YES;
				CLANG_WARN_CONSTANT_CONVERSION = YES;
				CLANG_WARN_DEPRECATED_OBJC_IMPLEMENTATIONS = YES;
				CLANG_WARN_DIRECT_OBJC_ISA_USAGE = YES_ERROR;
				CLANG_WARN_DOCUMENTATION_COMMENTS = YES;
				CLANG_WARN_EMPTY_BODY = YES;
				CLANG_WARN_ENUM_CONVERSION = YES;
				CLANG_WARN_INFINITE_RECURSION = YES;
				CLANG_WARN_INT_CONVERSION = YES;
				CLANG_WARN_NON_LITERAL_NULL_CONVERSION = YES;
				CLANG_WARN_OBJC_IMPLICIT_RETAIN_SELF = YES;
				CLANG_WARN_OBJC_LITERAL_CONVERSION = YES;
				CLANG_WARN_OBJC_ROOT_CLASS = YES_ERROR;
				CLANG_WARN_QUOTED_INCLUDE_IN_FRAMEWORK_HEADER = YES;
				CLANG_WARN_RANGE_LOOP_ANALYSIS = YES;
				CLANG_WARN_STRICT_PROTOTYPES = YES;
				CLANG_WARN_SUSPICIOUS_MOVE = YES;
				CLANG_WARN_UNGUARDED_AVAILABILITY = YES_AGGRESSIVE;
				CLANG_WARN_UNREACHABLE_CODE = YES;
				CLANG_WARN__DUPLICATE_METHOD_MATCH = YES;
				COPY_PHASE_STRIP = NO;
				DEBUG_INFORMATION_FORMAT = "dwarf-with-dsym";
				ENABLE_NS_ASSERTIONS = NO;
				ENABLE_STRICT_OBJC_MSGSEND = YES;
				ENABLE_USER_SCRIPT_SANDBOXING = YES;
				GCC_C_LANGUAGE_STANDARD = gnu17;
				GCC_NO_COMMON_BLOCKS = YES;
				GCC_WARN_64_TO_32_BIT_CONVERSION = YES;
				GCC_WARN_ABOUT_RETURN_TYPE = YES_ERROR;
				GCC_WARN_UNDECLARED_SELECTOR = YES;
				GCC_WARN_UNINITIALIZED_AUTOS = YES_AGGRESSIVE;
				GCC_WARN_UNUSED_FUNCTION = YES;
				GCC_WARN_UNUSED_VARIABLE = YES;
				IPHONEOS_DEPLOYMENT_TARGET = 17.4;
				LOCALIZATION_PREFERS_STRING_CATALOGS = YES;
				MTL_ENABLE_DEBUG_INFO = NO;
				MTL_FAST_MATH = YES;
				SDKROOT = iphoneos;
				SWIFT_COMPILATION_MODE = wholemodule;
				VALIDATE_PRODUCT = YES;
			};
			name = Release;
		};
		33A532AC2BF34C7800BB390F /* Debug */ = {
			isa = XCBuildConfiguration;
			buildSettings = {
				ASSETCATALOG_COMPILER_APPICON_NAME = AppIcon;
				ASSETCATALOG_COMPILER_GLOBAL_ACCENT_COLOR_NAME = AccentColor;
				CODE_SIGN_STYLE = Automatic;
				CURRENT_PROJECT_VERSION = 1;
				DEVELOPMENT_TEAM = A7SGM6JEMA;
				GENERATE_INFOPLIST_FILE = YES;
				INFOPLIST_FILE = Move/Info.plist;
				INFOPLIST_KEY_UIApplicationSupportsIndirectInputEvents = YES;
				INFOPLIST_KEY_UILaunchStoryboardName = LaunchScreen;
				INFOPLIST_KEY_UIMainStoryboardFile = Main;
				INFOPLIST_KEY_UISupportedInterfaceOrientations_iPad = "UIInterfaceOrientationPortrait UIInterfaceOrientationPortraitUpsideDown UIInterfaceOrientationLandscapeLeft UIInterfaceOrientationLandscapeRight";
				INFOPLIST_KEY_UISupportedInterfaceOrientations_iPhone = "UIInterfaceOrientationPortrait UIInterfaceOrientationLandscapeLeft UIInterfaceOrientationLandscapeRight";
				LD_RUNPATH_SEARCH_PATHS = (
					"$(inherited)",
					"@executable_path/Frameworks",
				);
				MARKETING_VERSION = 1.0;
				PRODUCT_BUNDLE_IDENTIFIER = fr.tectec.training.humancoders.Move;
				PRODUCT_NAME = "$(TARGET_NAME)";
				SWIFT_EMIT_LOC_STRINGS = YES;
				SWIFT_VERSION = 5.0;
				TARGETED_DEVICE_FAMILY = "1,2";
			};
			name = Debug;
		};
		33A532AD2BF34C7800BB390F /* Release */ = {
			isa = XCBuildConfiguration;
			buildSettings = {
				ASSETCATALOG_COMPILER_APPICON_NAME = AppIcon;
				ASSETCATALOG_COMPILER_GLOBAL_ACCENT_COLOR_NAME = AccentColor;
				CODE_SIGN_STYLE = Automatic;
				CURRENT_PROJECT_VERSION = 1;
				DEVELOPMENT_TEAM = A7SGM6JEMA;
				GENERATE_INFOPLIST_FILE = YES;
				INFOPLIST_FILE = Move/Info.plist;
				INFOPLIST_KEY_UIApplicationSupportsIndirectInputEvents = YES;
				INFOPLIST_KEY_UILaunchStoryboardName = LaunchScreen;
				INFOPLIST_KEY_UIMainStoryboardFile = Main;
				INFOPLIST_KEY_UISupportedInterfaceOrientations_iPad = "UIInterfaceOrientationPortrait UIInterfaceOrientationPortraitUpsideDown UIInterfaceOrientationLandscapeLeft UIInterfaceOrientationLandscapeRight";
				INFOPLIST_KEY_UISupportedInterfaceOrientations_iPhone = "UIInterfaceOrientationPortrait UIInterfaceOrientationLandscapeLeft UIInterfaceOrientationLandscapeRight";
				LD_RUNPATH_SEARCH_PATHS = (
					"$(inherited)",
					"@executable_path/Frameworks",
				);
				MARKETING_VERSION = 1.0;
				PRODUCT_BUNDLE_IDENTIFIER = fr.tectec.training.humancoders.Move;
				PRODUCT_NAME = "$(TARGET_NAME)";
				SWIFT_EMIT_LOC_STRINGS = YES;
				SWIFT_VERSION = 5.0;
				TARGETED_DEVICE_FAMILY = "1,2";
			};
			name = Release;
		};
		33A532AF2BF34C7800BB390F /* Debug */ = {
			isa = XCBuildConfiguration;
			buildSettings = {
				ALWAYS_EMBED_SWIFT_STANDARD_LIBRARIES = YES;
				BUNDLE_LOADER = "$(TEST_HOST)";
				CODE_SIGN_STYLE = Automatic;
				CURRENT_PROJECT_VERSION = 1;
				DEVELOPMENT_TEAM = A7SGM6JEMA;
				GENERATE_INFOPLIST_FILE = YES;
				IPHONEOS_DEPLOYMENT_TARGET = 17.4;
				MARKETING_VERSION = 1.0;
				PRODUCT_BUNDLE_IDENTIFIER = fr.tectec.training.humancoders.MoveTests;
				PRODUCT_NAME = "$(TARGET_NAME)";
				SWIFT_EMIT_LOC_STRINGS = NO;
				SWIFT_VERSION = 5.0;
				TARGETED_DEVICE_FAMILY = "1,2";
				TEST_HOST = "$(BUILT_PRODUCTS_DIR)/Move.app/$(BUNDLE_EXECUTABLE_FOLDER_PATH)/Move";
			};
			name = Debug;
		};
		33A532B02BF34C7800BB390F /* Release */ = {
			isa = XCBuildConfiguration;
			buildSettings = {
				ALWAYS_EMBED_SWIFT_STANDARD_LIBRARIES = YES;
				BUNDLE_LOADER = "$(TEST_HOST)";
				CODE_SIGN_STYLE = Automatic;
				CURRENT_PROJECT_VERSION = 1;
				DEVELOPMENT_TEAM = A7SGM6JEMA;
				GENERATE_INFOPLIST_FILE = YES;
				IPHONEOS_DEPLOYMENT_TARGET = 17.4;
				MARKETING_VERSION = 1.0;
				PRODUCT_BUNDLE_IDENTIFIER = fr.tectec.training.humancoders.MoveTests;
				PRODUCT_NAME = "$(TARGET_NAME)";
				SWIFT_EMIT_LOC_STRINGS = NO;
				SWIFT_VERSION = 5.0;
				TARGETED_DEVICE_FAMILY = "1,2";
				TEST_HOST = "$(BUILT_PRODUCTS_DIR)/Move.app/$(BUNDLE_EXECUTABLE_FOLDER_PATH)/Move";
			};
			name = Release;
		};
		33A532B22BF34C7800BB390F /* Debug */ = {
			isa = XCBuildConfiguration;
			buildSettings = {
				ALWAYS_EMBED_SWIFT_STANDARD_LIBRARIES = YES;
				CODE_SIGN_STYLE = Automatic;
				CURRENT_PROJECT_VERSION = 1;
				DEVELOPMENT_TEAM = A7SGM6JEMA;
				GENERATE_INFOPLIST_FILE = YES;
				MARKETING_VERSION = 1.0;
				PRODUCT_BUNDLE_IDENTIFIER = fr.tectec.training.humancoders.MoveUITests;
				PRODUCT_NAME = "$(TARGET_NAME)";
				SWIFT_EMIT_LOC_STRINGS = NO;
				SWIFT_VERSION = 5.0;
				TARGETED_DEVICE_FAMILY = "1,2";
				TEST_TARGET_NAME = Move;
			};
			name = Debug;
		};
		33A532B32BF34C7800BB390F /* Release */ = {
			isa = XCBuildConfiguration;
			buildSettings = {
				ALWAYS_EMBED_SWIFT_STANDARD_LIBRARIES = YES;
				CODE_SIGN_STYLE = Automatic;
				CURRENT_PROJECT_VERSION = 1;
				DEVELOPMENT_TEAM = A7SGM6JEMA;
				GENERATE_INFOPLIST_FILE = YES;
				MARKETING_VERSION = 1.0;
				PRODUCT_BUNDLE_IDENTIFIER = fr.tectec.training.humancoders.MoveUITests;
				PRODUCT_NAME = "$(TARGET_NAME)";
				SWIFT_EMIT_LOC_STRINGS = NO;
				SWIFT_VERSION = 5.0;
				TARGETED_DEVICE_FAMILY = "1,2";
				TEST_TARGET_NAME = Move;
			};
			name = Release;
		};
/* End XCBuildConfiguration section */

/* Begin XCConfigurationList section */
		33A5327C2BF34C7700BB390F /* Build configuration list for PBXProject "Move" */ = {
			isa = XCConfigurationList;
			buildConfigurations = (
				33A532A92BF34C7800BB390F /* Debug */,
				33A532AA2BF34C7800BB390F /* Release */,
			);
			defaultConfigurationIsVisible = 0;
			defaultConfigurationName = Release;
		};
		33A532AB2BF34C7800BB390F /* Build configuration list for PBXNativeTarget "Move" */ = {
			isa = XCConfigurationList;
			buildConfigurations = (
				33A532AC2BF34C7800BB390F /* Debug */,
				33A532AD2BF34C7800BB390F /* Release */,
			);
			defaultConfigurationIsVisible = 0;
			defaultConfigurationName = Release;
		};
		33A532AE2BF34C7800BB390F /* Build configuration list for PBXNativeTarget "MoveTests" */ = {
			isa = XCConfigurationList;
			buildConfigurations = (
				33A532AF2BF34C7800BB390F /* Debug */,
				33A532B02BF34C7800BB390F /* Release */,
			);
			defaultConfigurationIsVisible = 0;
			defaultConfigurationName = Release;
		};
		33A532B12BF34C7800BB390F /* Build configuration list for PBXNativeTarget "MoveUITests" */ = {
			isa = XCConfigurationList;
			buildConfigurations = (
				33A532B22BF34C7800BB390F /* Debug */,
				33A532B32BF34C7800BB390F /* Release */,
			);
			defaultConfigurationIsVisible = 0;
			defaultConfigurationName = Release;
		};
/* End XCConfigurationList section */
	};
	rootObject = 33A532792BF34C7700BB390F /* Project object */;
}
