// !$*UTF8*$!
{
	archiveVersion = 1;
	classes = {
	};
	objectVersion = 56;
	objects = {

/* Begin PBXBuildFile section */
		334A332E2BF5F5F80046BDDD /* MoveUIApp.swift in Sources */ = {isa = PBXBuildFile; fileRef = 334A332D2BF5F5F80046BDDD /* MoveUIApp.swift */; };
		334A33302BF5F5F80046BDDD /* ContentView.swift in Sources */ = {isa = PBXBuildFile; fileRef = 334A332F2BF5F5F80046BDDD /* ContentView.swift */; };
		334A33322BF5F5FA0046BDDD /* Assets.xcassets in Resources */ = {isa = PBXBuildFile; fileRef = 334A33312BF5F5FA0046BDDD /* Assets.xcassets */; };
		334A33362BF5F5FA0046BDDD /* Preview Assets.xcassets in Resources */ = {isa = PBXBuildFile; fileRef = 334A33352BF5F5FA0046BDDD /* Preview Assets.xcassets */; };
		334A33402BF5F5FA0046BDDD /* MoveUITests.swift in Sources */ = {isa = PBXBuildFile; fileRef = 334A333F2BF5F5FA0046BDDD /* MoveUITests.swift */; };
		334A334A2BF5F5FA0046BDDD /* MoveUIUITests.swift in Sources */ = {isa = PBXBuildFile; fileRef = 334A33492BF5F5FA0046BDDD /* MoveUIUITests.swift */; };
		334A334C2BF5F5FA0046BDDD /* MoveUIUITestsLaunchTests.swift in Sources */ = {isa = PBXBuildFile; fileRef = 334A334B2BF5F5FA0046BDDD /* MoveUIUITestsLaunchTests.swift */; };
		334A335A2BF634390046BDDD /* Item.swift in Sources */ = {isa = PBXBuildFile; fileRef = 334A33592BF634390046BDDD /* Item.swift */; };
		334A335C2BF6343F0046BDDD /* Library.swift in Sources */ = {isa = PBXBuildFile; fileRef = 334A335B2BF6343F0046BDDD /* Library.swift */; };
		334A335E2BF63EAF0046BDDD /* ImagedToggle.swift in Sources */ = {isa = PBXBuildFile; fileRef = 334A335D2BF63EAF0046BDDD /* ImagedToggle.swift */; };
		33CB43242BF7B04300FF2C68 /* ExyteMediaPicker in Frameworks */ = {isa = PBXBuildFile; productRef = 33CB43232BF7B04300FF2C68 /* ExyteMediaPicker */; };
/* End PBXBuildFile section */

/* Begin PBXContainerItemProxy section */
		334A333C2BF5F5FA0046BDDD /* PBXContainerItemProxy */ = {
			isa = PBXContainerItemProxy;
			containerPortal = 334A33222BF5F5F80046BDDD /* Project object */;
			proxyType = 1;
			remoteGlobalIDString = 334A33292BF5F5F80046BDDD;
			remoteInfo = MoveUI;
		};
		334A33462BF5F5FA0046BDDD /* PBXContainerItemProxy */ = {
			isa = PBXContainerItemProxy;
			containerPortal = 334A33222BF5F5F80046BDDD /* Project object */;
			proxyType = 1;
			remoteGlobalIDString = 334A33292BF5F5F80046BDDD;
			remoteInfo = MoveUI;
		};
/* End PBXContainerItemProxy section */

/* Begin PBXFileReference section */
		334A332A2BF5F5F80046BDDD /* MoveUI.app */ = {isa = PBXFileReference; explicitFileType = wrapper.application; includeInIndex = 0; path = MoveUI.app; sourceTree = BUILT_PRODUCTS_DIR; };
		334A332D2BF5F5F80046BDDD /* MoveUIApp.swift */ = {isa = PBXFileReference; lastKnownFileType = sourcecode.swift; path = MoveUIApp.swift; sourceTree = "<group>"; };
		334A332F2BF5F5F80046BDDD /* ContentView.swift */ = {isa = PBXFileReference; lastKnownFileType = sourcecode.swift; path = ContentView.swift; sourceTree = "<group>"; };
		334A33312BF5F5FA0046BDDD /* Assets.xcassets */ = {isa = PBXFileReference; lastKnownFileType = folder.assetcatalog; path = Assets.xcassets; sourceTree = "<group>"; };
		334A33332BF5F5FA0046BDDD /* MoveUI.entitlements */ = {isa = PBXFileReference; lastKnownFileType = text.plist.entitlements; path = MoveUI.entitlements; sourceTree = "<group>"; };
		334A33352BF5F5FA0046BDDD /* Preview Assets.xcassets */ = {isa = PBXFileReference; lastKnownFileType = folder.assetcatalog; path = "Preview Assets.xcassets"; sourceTree = "<group>"; };
		334A333B2BF5F5FA0046BDDD /* MoveUITests.xctest */ = {isa = PBXFileReference; explicitFileType = wrapper.cfbundle; includeInIndex = 0; path = MoveUITests.xctest; sourceTree = BUILT_PRODUCTS_DIR; };
		334A333F2BF5F5FA0046BDDD /* MoveUITests.swift */ = {isa = PBXFileReference; lastKnownFileType = sourcecode.swift; path = MoveUITests.swift; sourceTree = "<group>"; };
		334A33452BF5F5FA0046BDDD /* MoveUIUITests.xctest */ = {isa = PBXFileReference; explicitFileType = wrapper.cfbundle; includeInIndex = 0; path = MoveUIUITests.xctest; sourceTree = BUILT_PRODUCTS_DIR; };
		334A33492BF5F5FA0046BDDD /* MoveUIUITests.swift */ = {isa = PBXFileReference; lastKnownFileType = sourcecode.swift; path = MoveUIUITests.swift; sourceTree = "<group>"; };
		334A334B2BF5F5FA0046BDDD /* MoveUIUITestsLaunchTests.swift */ = {isa = PBXFileReference; lastKnownFileType = sourcecode.swift; path = MoveUIUITestsLaunchTests.swift; sourceTree = "<group>"; };
		334A33592BF634390046BDDD /* Item.swift */ = {isa = PBXFileReference; lastKnownFileType = sourcecode.swift; path = Item.swift; sourceTree = "<group>"; };
		334A335B2BF6343F0046BDDD /* Library.swift */ = {isa = PBXFileReference; lastKnownFileType = sourcecode.swift; path = Library.swift; sourceTree = "<group>"; };
		334A335D2BF63EAF0046BDDD /* ImagedToggle.swift */ = {isa = PBXFileReference; lastKnownFileType = sourcecode.swift; path = ImagedToggle.swift; sourceTree = "<group>"; };
/* End PBXFileReference section */

/* Begin PBXFrameworksBuildPhase section */
		334A33272BF5F5F80046BDDD /* Frameworks */ = {
			isa = PBXFrameworksBuildPhase;
			buildActionMask = 2147483647;
			files = (
				33CB43242BF7B04300FF2C68 /* ExyteMediaPicker in Frameworks */,
			);
			runOnlyForDeploymentPostprocessing = 0;
		};
		334A33382BF5F5FA0046BDDD /* Frameworks */ = {
			isa = PBXFrameworksBuildPhase;
			buildActionMask = 2147483647;
			files = (
			);
			runOnlyForDeploymentPostprocessing = 0;
		};
		334A33422BF5F5FA0046BDDD /* Frameworks */ = {
			isa = PBXFrameworksBuildPhase;
			buildActionMask = 2147483647;
			files = (
			);
			runOnlyForDeploymentPostprocessing = 0;
		};
/* End PBXFrameworksBuildPhase section */

/* Begin PBXGroup section */
		334A33212BF5F5F80046BDDD = {
			isa = PBXGroup;
			children = (
				334A332C2BF5F5F80046BDDD /* MoveUI */,
				334A333E2BF5F5FA0046BDDD /* MoveUITests */,
				334A33482BF5F5FA0046BDDD /* MoveUIUITests */,
				334A332B2BF5F5F80046BDDD /* Products */,
			);
			sourceTree = "<group>";
		};
		334A332B2BF5F5F80046BDDD /* Products */ = {
			isa = PBXGroup;
			children = (
				334A332A2BF5F5F80046BDDD /* MoveUI.app */,
				334A333B2BF5F5FA0046BDDD /* MoveUITests.xctest */,
				334A33452BF5F5FA0046BDDD /* MoveUIUITests.xctest */,
			);
			name = Products;
			sourceTree = "<group>";
		};
		334A332C2BF5F5F80046BDDD /* MoveUI */ = {
			isa = PBXGroup;
			children = (
				334A33582BF6342E0046BDDD /* Models */,
				334A332D2BF5F5F80046BDDD /* MoveUIApp.swift */,
				334A332F2BF5F5F80046BDDD /* ContentView.swift */,
				334A335D2BF63EAF0046BDDD /* ImagedToggle.swift */,
				334A33312BF5F5FA0046BDDD /* Assets.xcassets */,
				334A33332BF5F5FA0046BDDD /* MoveUI.entitlements */,
				334A33342BF5F5FA0046BDDD /* Preview Content */,
			);
			path = MoveUI;
			sourceTree = "<group>";
		};
		334A33342BF5F5FA0046BDDD /* Preview Content */ = {
			isa = PBXGroup;
			children = (
				334A33352BF5F5FA0046BDDD /* Preview Assets.xcassets */,
			);
			path = "Preview Content";
			sourceTree = "<group>";
		};
		334A333E2BF5F5FA0046BDDD /* MoveUITests */ = {
			isa = PBXGroup;
			children = (
				334A333F2BF5F5FA0046BDDD /* MoveUITests.swift */,
			);
			path = MoveUITests;
			sourceTree = "<group>";
		};
		334A33482BF5F5FA0046BDDD /* MoveUIUITests */ = {
			isa = PBXGroup;
			children = (
				334A33492BF5F5FA0046BDDD /* MoveUIUITests.swift */,
				334A334B2BF5F5FA0046BDDD /* MoveUIUITestsLaunchTests.swift */,
			);
			path = MoveUIUITests;
			sourceTree = "<group>";
		};
		334A33582BF6342E0046BDDD /* Models */ = {
			isa = PBXGroup;
			children = (
				334A33592BF634390046BDDD /* Item.swift */,
				334A335B2BF6343F0046BDDD /* Library.swift */,
			);
			path = Models;
			sourceTree = "<group>";
		};
/* End PBXGroup section */

/* Begin PBXNativeTarget section */
		334A33292BF5F5F80046BDDD /* MoveUI */ = {
			isa = PBXNativeTarget;
			buildConfigurationList = 334A334F2BF5F5FA0046BDDD /* Build configuration list for PBXNativeTarget "MoveUI" */;
			buildPhases = (
				334A33262BF5F5F80046BDDD /* Sources */,
				334A33272BF5F5F80046BDDD /* Frameworks */,
				334A33282BF5F5F80046BDDD /* Resources */,
			);
			buildRules = (
			);
			dependencies = (
			);
			name = MoveUI;
			packageProductDependencies = (
				33CB43232BF7B04300FF2C68 /* ExyteMediaPicker */,
			);
			productName = MoveUI;
			productReference = 334A332A2BF5F5F80046BDDD /* MoveUI.app */;
			productType = "com.apple.product-type.application";
		};
		334A333A2BF5F5FA0046BDDD /* MoveUITests */ = {
			isa = PBXNativeTarget;
			buildConfigurationList = 334A33522BF5F5FA0046BDDD /* Build configuration list for PBXNativeTarget "MoveUITests" */;
			buildPhases = (
				334A33372BF5F5FA0046BDDD /* Sources */,
				334A33382BF5F5FA0046BDDD /* Frameworks */,
				334A33392BF5F5FA0046BDDD /* Resources */,
			);
			buildRules = (
			);
			dependencies = (
				334A333D2BF5F5FA0046BDDD /* PBXTargetDependency */,
			);
			name = MoveUITests;
			productName = MoveUITests;
			productReference = 334A333B2BF5F5FA0046BDDD /* MoveUITests.xctest */;
			productType = "com.apple.product-type.bundle.unit-test";
		};
		334A33442BF5F5FA0046BDDD /* MoveUIUITests */ = {
			isa = PBXNativeTarget;
			buildConfigurationList = 334A33552BF5F5FA0046BDDD /* Build configuration list for PBXNativeTarget "MoveUIUITests" */;
			buildPhases = (
				334A33412BF5F5FA0046BDDD /* Sources */,
				334A33422BF5F5FA0046BDDD /* Frameworks */,
				334A33432BF5F5FA0046BDDD /* Resources */,
			);
			buildRules = (
			);
			dependencies = (
				334A33472BF5F5FA0046BDDD /* PBXTargetDependency */,
			);
			name = MoveUIUITests;
			productName = MoveUIUITests;
			productReference = 334A33452BF5F5FA0046BDDD /* MoveUIUITests.xctest */;
			productType = "com.apple.product-type.bundle.ui-testing";
		};
/* End PBXNativeTarget section */

/* Begin PBXProject section */
		334A33222BF5F5F80046BDDD /* Project object */ = {
			isa = PBXProject;
			attributes = {
				BuildIndependentTargetsInParallel = 1;
				LastSwiftUpdateCheck = 1530;
				LastUpgradeCheck = 1530;
				TargetAttributes = {
					334A33292BF5F5F80046BDDD = {
						CreatedOnToolsVersion = 15.3;
					};
					334A333A2BF5F5FA0046BDDD = {
						CreatedOnToolsVersion = 15.3;
						TestTargetID = 334A33292BF5F5F80046BDDD;
					};
					334A33442BF5F5FA0046BDDD = {
						CreatedOnToolsVersion = 15.3;
						TestTargetID = 334A33292BF5F5F80046BDDD;
					};
				};
			};
			buildConfigurationList = 334A33252BF5F5F80046BDDD /* Build configuration list for PBXProject "MoveUI" */;
			compatibilityVersion = "Xcode 14.0";
			developmentRegion = en;
			hasScannedForEncodings = 0;
			knownRegions = (
				en,
				Base,
			);
			mainGroup = 334A33212BF5F5F80046BDDD;
			packageReferences = (
				33CB43222BF7B04300FF2C68 /* XCRemoteSwiftPackageReference "MediaPicker" */,
			);
			productRefGroup = 334A332B2BF5F5F80046BDDD /* Products */;
			projectDirPath = "";
			projectRoot = "";
			targets = (
				334A33292BF5F5F80046BDDD /* MoveUI */,
				334A333A2BF5F5FA0046BDDD /* MoveUITests */,
				334A33442BF5F5FA0046BDDD /* MoveUIUITests */,
			);
		};
/* End PBXProject section */

/* Begin PBXResourcesBuildPhase section */
		334A33282BF5F5F80046BDDD /* Resources */ = {
			isa = PBXResourcesBuildPhase;
			buildActionMask = 2147483647;
			files = (
				334A33362BF5F5FA0046BDDD /* Preview Assets.xcassets in Resources */,
				334A33322BF5F5FA0046BDDD /* Assets.xcassets in Resources */,
			);
			runOnlyForDeploymentPostprocessing = 0;
		};
		334A33392BF5F5FA0046BDDD /* Resources */ = {
			isa = PBXResourcesBuildPhase;
			buildActionMask = 2147483647;
			files = (
			);
			runOnlyForDeploymentPostprocessing = 0;
		};
		334A33432BF5F5FA0046BDDD /* Resources */ = {
			isa = PBXResourcesBuildPhase;
			buildActionMask = 2147483647;
			files = (
			);
			runOnlyForDeploymentPostprocessing = 0;
		};
/* End PBXResourcesBuildPhase section */

/* Begin PBXSourcesBuildPhase section */
		334A33262BF5F5F80046BDDD /* Sources */ = {
			isa = PBXSourcesBuildPhase;
			buildActionMask = 2147483647;
			files = (
				334A335E2BF63EAF0046BDDD /* ImagedToggle.swift in Sources */,
				334A33302BF5F5F80046BDDD /* ContentView.swift in Sources */,
				334A335C2BF6343F0046BDDD /* Library.swift in Sources */,
				334A335A2BF634390046BDDD /* Item.swift in Sources */,
				334A332E2BF5F5F80046BDDD /* MoveUIApp.swift in Sources */,
			);
			runOnlyForDeploymentPostprocessing = 0;
		};
		334A33372BF5F5FA0046BDDD /* Sources */ = {
			isa = PBXSourcesBuildPhase;
			buildActionMask = 2147483647;
			files = (
				334A33402BF5F5FA0046BDDD /* MoveUITests.swift in Sources */,
			);
			runOnlyForDeploymentPostprocessing = 0;
		};
		334A33412BF5F5FA0046BDDD /* Sources */ = {
			isa = PBXSourcesBuildPhase;
			buildActionMask = 2147483647;
			files = (
				334A334A2BF5F5FA0046BDDD /* MoveUIUITests.swift in Sources */,
				334A334C2BF5F5FA0046BDDD /* MoveUIUITestsLaunchTests.swift in Sources */,
			);
			runOnlyForDeploymentPostprocessing = 0;
		};
/* End PBXSourcesBuildPhase section */

/* Begin PBXTargetDependency section */
		334A333D2BF5F5FA0046BDDD /* PBXTargetDependency */ = {
			isa = PBXTargetDependency;
			target = 334A33292BF5F5F80046BDDD /* MoveUI */;
			targetProxy = 334A333C2BF5F5FA0046BDDD /* PBXContainerItemProxy */;
		};
		334A33472BF5F5FA0046BDDD /* PBXTargetDependency */ = {
			isa = PBXTargetDependency;
			target = 334A33292BF5F5F80046BDDD /* MoveUI */;
			targetProxy = 334A33462BF5F5FA0046BDDD /* PBXContainerItemProxy */;
		};
/* End PBXTargetDependency section */

/* Begin XCBuildConfiguration section */
		334A334D2BF5F5FA0046BDDD /* Debug */ = {
			isa = XCBuildConfiguration;
			buildSettings = {
				ALWAYS_SEARCH_USER_PATHS = NO;
				ASSETCATALOG_COMPILER_GENERATE_SWIFT_ASSET_SYMBOL_EXTENSIONS = YES;
				CLANG_ANALYZER_NONNULL = YES;
				CLANG_ANALYZER_NUMBER_OBJECT_CONVERSION = YES_AGGRESSIVE;
				CLANG_CXX_LANGUAGE_STANDARD = "gnu++20";
				CLANG_ENABLE_MODULES = YES;
				CLANG_ENABLE_OBJC_ARC = YES;
				CLANG_ENABLE_OBJC_WEAK = YES;
				CLANG_WARN_BLOCK_CAPTURE_AUTORELEASING = YES;
				CLANG_WARN_BOOL_CONVERSION = YES;
				CLANG_WARN_COMMA = YES;
				CLANG_WARN_CONSTANT_CONVERSION = YES;
				CLANG_WARN_DEPRECATED_OBJC_IMPLEMENTATIONS = YES;
				CLANG_WARN_DIRECT_OBJC_ISA_USAGE = YES_ERROR;
				CLANG_WARN_DOCUMENTATION_COMMENTS = YES;
				CLANG_WARN_EMPTY_BODY = YES;
				CLANG_WARN_ENUM_CONVERSION = YES;
				CLANG_WARN_INFINITE_RECURSION = YES;
				CLANG_WARN_INT_CONVERSION = YES;
				CLANG_WARN_NON_LITERAL_NULL_CONVERSION = YES;
				CLANG_WARN_OBJC_IMPLICIT_RETAIN_SELF = YES;
				CLANG_WARN_OBJC_LITERAL_CONVERSION = YES;
				CLANG_WARN_OBJC_ROOT_CLASS = YES_ERROR;
				CLANG_WARN_QUOTED_INCLUDE_IN_FRAMEWORK_HEADER = YES;
				CLANG_WARN_RANGE_LOOP_ANALYSIS = YES;
				CLANG_WARN_STRICT_PROTOTYPES = YES;
				CLANG_WARN_SUSPICIOUS_MOVE = YES;
				CLANG_WARN_UNGUARDED_AVAILABILITY = YES_AGGRESSIVE;
				CLANG_WARN_UNREACHABLE_CODE = YES;
				CLANG_WARN__DUPLICATE_METHOD_MATCH = YES;
				COPY_PHASE_STRIP = NO;
				DEBUG_INFORMATION_FORMAT = dwarf;
				ENABLE_STRICT_OBJC_MSGSEND = YES;
				ENABLE_TESTABILITY = YES;
				ENABLE_USER_SCRIPT_SANDBOXING = YES;
				GCC_C_LANGUAGE_STANDARD = gnu17;
				GCC_DYNAMIC_NO_PIC = NO;
				GCC_NO_COMMON_BLOCKS = YES;
				GCC_OPTIMIZATION_LEVEL = 0;
				GCC_PREPROCESSOR_DEFINITIONS = (
					"DEBUG=1",
					"$(inherited)",
				);
				GCC_WARN_64_TO_32_BIT_CONVERSION = YES;
				GCC_WARN_ABOUT_RETURN_TYPE = YES_ERROR;
				GCC_WARN_UNDECLARED_SELECTOR = YES;
				GCC_WARN_UNINITIALIZED_AUTOS = YES_AGGRESSIVE;
				GCC_WARN_UNUSED_FUNCTION = YES;
				GCC_WARN_UNUSED_VARIABLE = YES;
				LOCALIZATION_PREFERS_STRING_CATALOGS = YES;
				MTL_ENABLE_DEBUG_INFO = INCLUDE_SOURCE;
				MTL_FAST_MATH = YES;
				ONLY_ACTIVE_ARCH = YES;
				SWIFT_ACTIVE_COMPILATION_CONDITIONS = "DEBUG $(inherited)";
				SWIFT_OPTIMIZATION_LEVEL = "-Onone";
			};
			name = Debug;
		};
		334A334E2BF5F5FA0046BDDD /* Release */ = {
			isa = XCBuildConfiguration;
			buildSettings = {
				ALWAYS_SEARCH_USER_PATHS = NO;
				ASSETCATALOG_COMPILER_GENERATE_SWIFT_ASSET_SYMBOL_EXTENSIONS = YES;
				CLANG_ANALYZER_NONNULL = YES;
				CLANG_ANALYZER_NUMBER_OBJECT_CONVERSION = YES_AGGRESSIVE;
				CLANG_CXX_LANGUAGE_STANDARD = "gnu++20";
				CLANG_ENABLE_MODULES = YES;
				CLANG_ENABLE_OBJC_ARC = YES;
				CLANG_ENABLE_OBJC_WEAK = YES;
				CLANG_WARN_BLOCK_CAPTURE_AUTORELEASING = YES;
				CLANG_WARN_BOOL_CONVERSION = YES;
				CLANG_WARN_COMMA = YES;
				CLANG_WARN_CONSTANT_CONVERSION = YES;
				CLANG_WARN_DEPRECATED_OBJC_IMPLEMENTATIONS = YES;
				CLANG_WARN_DIRECT_OBJC_ISA_USAGE = YES_ERROR;
				CLANG_WARN_DOCUMENTATION_COMMENTS = YES;
				CLANG_WARN_EMPTY_BODY = YES;
				CLANG_WARN_ENUM_CONVERSION = YES;
				CLANG_WARN_INFINITE_RECURSION = YES;
				CLANG_WARN_INT_CONVERSION = YES;
				CLANG_WARN_NON_LITERAL_NULL_CONVERSION = YES;
				CLANG_WARN_OBJC_IMPLICIT_RETAIN_SELF = YES;
				CLANG_WARN_OBJC_LITERAL_CONVERSION = YES;
				CLANG_WARN_OBJC_ROOT_CLASS = YES_ERROR;
				CLANG_WARN_QUOTED_INCLUDE_IN_FRAMEWORK_HEADER = YES;
				CLANG_WARN_RANGE_LOOP_ANALYSIS = YES;
				CLANG_WARN_STRICT_PROTOTYPES = YES;
				CLANG_WARN_SUSPICIOUS_MOVE = YES;
				CLANG_WARN_UNGUARDED_AVAILABILITY = YES_AGGRESSIVE;
				CLANG_WARN_UNREACHABLE_CODE = YES;
				CLANG_WARN__DUPLICATE_METHOD_MATCH = YES;
				COPY_PHASE_STRIP = NO;
				DEBUG_INFORMATION_FORMAT = "dwarf-with-dsym";
				ENABLE_NS_ASSERTIONS = NO;
				ENABLE_STRICT_OBJC_MSGSEND = YES;
				ENABLE_USER_SCRIPT_SANDBOXING = YES;
				GCC_C_LANGUAGE_STANDARD = gnu17;
				GCC_NO_COMMON_BLOCKS = YES;
				GCC_WARN_64_TO_32_BIT_CONVERSION = YES;
				GCC_WARN_ABOUT_RETURN_TYPE = YES_ERROR;
				GCC_WARN_UNDECLARED_SELECTOR = YES;
				GCC_WARN_UNINITIALIZED_AUTOS = YES_AGGRESSIVE;
				GCC_WARN_UNUSED_FUNCTION = YES;
				GCC_WARN_UNUSED_VARIABLE = YES;
				LOCALIZATION_PREFERS_STRING_CATALOGS = YES;
				MTL_ENABLE_DEBUG_INFO = NO;
				MTL_FAST_MATH = YES;
				SWIFT_COMPILATION_MODE = wholemodule;
			};
			name = Release;
		};
		334A33502BF5F5FA0046BDDD /* Debug */ = {
			isa = XCBuildConfiguration;
			buildSettings = {
				ASSETCATALOG_COMPILER_APPICON_NAME = AppIcon;
				ASSETCATALOG_COMPILER_GLOBAL_ACCENT_COLOR_NAME = AccentColor;
				CODE_SIGN_ENTITLEMENTS = MoveUI/MoveUI.entitlements;
				CODE_SIGN_STYLE = Automatic;
				CURRENT_PROJECT_VERSION = 1;
				DEVELOPMENT_ASSET_PATHS = "\"MoveUI/Preview Content\"";
				DEVELOPMENT_TEAM = A7SGM6JEMA;
				ENABLE_HARDENED_RUNTIME = YES;
				ENABLE_PREVIEWS = YES;
				GENERATE_INFOPLIST_FILE = YES;
				INFOPLIST_KEY_NSPhotoLibraryUsageDescription = "Je veux la caméra";
				"INFOPLIST_KEY_UIApplicationSceneManifest_Generation[sdk=iphoneos*]" = YES;
				"INFOPLIST_KEY_UIApplicationSceneManifest_Generation[sdk=iphonesimulator*]" = YES;
				"INFOPLIST_KEY_UIApplicationSupportsIndirectInputEvents[sdk=iphoneos*]" = YES;
				"INFOPLIST_KEY_UIApplicationSupportsIndirectInputEvents[sdk=iphonesimulator*]" = YES;
				"INFOPLIST_KEY_UILaunchScreen_Generation[sdk=iphoneos*]" = YES;
				"INFOPLIST_KEY_UILaunchScreen_Generation[sdk=iphonesimulator*]" = YES;
				"INFOPLIST_KEY_UIStatusBarStyle[sdk=iphoneos*]" = UIStatusBarStyleDefault;
				"INFOPLIST_KEY_UIStatusBarStyle[sdk=iphonesimulator*]" = UIStatusBarStyleDefault;
				INFOPLIST_KEY_UISupportedInterfaceOrientations_iPad = "UIInterfaceOrientationPortrait UIInterfaceOrientationPortraitUpsideDown UIInterfaceOrientationLandscapeLeft UIInterfaceOrientationLandscapeRight";
				INFOPLIST_KEY_UISupportedInterfaceOrientations_iPhone = "UIInterfaceOrientationPortrait UIInterfaceOrientationLandscapeLeft UIInterfaceOrientationLandscapeRight";
				IPHONEOS_DEPLOYMENT_TARGET = 17.4;
				LD_RUNPATH_SEARCH_PATHS = "@executable_path/Frameworks";
				"LD_RUNPATH_SEARCH_PATHS[sdk=macosx*]" = "@executable_path/../Frameworks";
				MACOSX_DEPLOYMENT_TARGET = 14.4;
				MARKETING_VERSION = 1.0;
				PRODUCT_BUNDLE_IDENTIFIER = fr.tectec.training.humancoders.MoveUI;
				PRODUCT_NAME = "$(TARGET_NAME)";
				SDKROOT = auto;
				SUPPORTED_PLATFORMS = "iphoneos iphonesimulator macosx";
				SWIFT_EMIT_LOC_STRINGS = YES;
				SWIFT_VERSION = 5.0;
				TARGETED_DEVICE_FAMILY = "1,2";
			};
			name = Debug;
		};
		334A33512BF5F5FA0046BDDD /* Release */ = {
			isa = XCBuildConfiguration;
			buildSettings = {
				ASSETCATALOG_COMPILER_APPICON_NAME = AppIcon;
				ASSETCATALOG_COMPILER_GLOBAL_ACCENT_COLOR_NAME = AccentColor;
				CODE_SIGN_ENTITLEMENTS = MoveUI/MoveUI.entitlements;
				CODE_SIGN_STYLE = Automatic;
				CURRENT_PROJECT_VERSION = 1;
				DEVELOPMENT_ASSET_PATHS = "\"MoveUI/Preview Content\"";
				DEVELOPMENT_TEAM = A7SGM6JEMA;
				ENABLE_HARDENED_RUNTIME = YES;
				ENABLE_PREVIEWS = YES;
				GENERATE_INFOPLIST_FILE = YES;
				INFOPLIST_KEY_NSPhotoLibraryUsageDescription = "Je veux la caméra";
				"INFOPLIST_KEY_UIApplicationSceneManifest_Generation[sdk=iphoneos*]" = YES;
				"INFOPLIST_KEY_UIApplicationSceneManifest_Generation[sdk=iphonesimulator*]" = YES;
				"INFOPLIST_KEY_UIApplicationSupportsIndirectInputEvents[sdk=iphoneos*]" = YES;
				"INFOPLIST_KEY_UIApplicationSupportsIndirectInputEvents[sdk=iphonesimulator*]" = YES;
				"INFOPLIST_KEY_UILaunchScreen_Generation[sdk=iphoneos*]" = YES;
				"INFOPLIST_KEY_UILaunchScreen_Generation[sdk=iphonesimulator*]" = YES;
				"INFOPLIST_KEY_UIStatusBarStyle[sdk=iphoneos*]" = UIStatusBarStyleDefault;
				"INFOPLIST_KEY_UIStatusBarStyle[sdk=iphonesimulator*]" = UIStatusBarStyleDefault;
				INFOPLIST_KEY_UISupportedInterfaceOrientations_iPad = "UIInterfaceOrientationPortrait UIInterfaceOrientationPortraitUpsideDown UIInterfaceOrientationLandscapeLeft UIInterfaceOrientationLandscapeRight";
				INFOPLIST_KEY_UISupportedInterfaceOrientations_iPhone = "UIInterfaceOrientationPortrait UIInterfaceOrientationLandscapeLeft UIInterfaceOrientationLandscapeRight";
				IPHONEOS_DEPLOYMENT_TARGET = 17.4;
				LD_RUNPATH_SEARCH_PATHS = "@executable_path/Frameworks";
				"LD_RUNPATH_SEARCH_PATHS[sdk=macosx*]" = "@executable_path/../Frameworks";
				MACOSX_DEPLOYMENT_TARGET = 14.4;
				MARKETING_VERSION = 1.0;
				PRODUCT_BUNDLE_IDENTIFIER = fr.tectec.training.humancoders.MoveUI;
				PRODUCT_NAME = "$(TARGET_NAME)";
				SDKROOT = auto;
				SUPPORTED_PLATFORMS = "iphoneos iphonesimulator macosx";
				SWIFT_EMIT_LOC_STRINGS = YES;
				SWIFT_VERSION = 5.0;
				TARGETED_DEVICE_FAMILY = "1,2";
			};
			name = Release;
		};
		334A33532BF5F5FA0046BDDD /* Debug */ = {
			isa = XCBuildConfiguration;
			buildSettings = {
				ALWAYS_EMBED_SWIFT_STANDARD_LIBRARIES = YES;
				BUNDLE_LOADER = "$(TEST_HOST)";
				CODE_SIGN_STYLE = Automatic;
				CURRENT_PROJECT_VERSION = 1;
				DEVELOPMENT_TEAM = A7SGM6JEMA;
				GENERATE_INFOPLIST_FILE = YES;
				IPHONEOS_DEPLOYMENT_TARGET = 17.4;
				MACOSX_DEPLOYMENT_TARGET = 14.4;
				MARKETING_VERSION = 1.0;
				PRODUCT_BUNDLE_IDENTIFIER = fr.tectec.training.humancoders.MoveUITests;
				PRODUCT_NAME = "$(TARGET_NAME)";
				SDKROOT = auto;
				SUPPORTED_PLATFORMS = "iphoneos iphonesimulator macosx";
				SWIFT_EMIT_LOC_STRINGS = NO;
				SWIFT_VERSION = 5.0;
				TARGETED_DEVICE_FAMILY = "1,2";
				TEST_HOST = "$(BUILT_PRODUCTS_DIR)/MoveUI.app/$(BUNDLE_EXECUTABLE_FOLDER_PATH)/MoveUI";
			};
			name = Debug;
		};
		334A33542BF5F5FA0046BDDD /* Release */ = {
			isa = XCBuildConfiguration;
			buildSettings = {
				ALWAYS_EMBED_SWIFT_STANDARD_LIBRARIES = YES;
				BUNDLE_LOADER = "$(TEST_HOST)";
				CODE_SIGN_STYLE = Automatic;
				CURRENT_PROJECT_VERSION = 1;
				DEVELOPMENT_TEAM = A7SGM6JEMA;
				GENERATE_INFOPLIST_FILE = YES;
				IPHONEOS_DEPLOYMENT_TARGET = 17.4;
				MACOSX_DEPLOYMENT_TARGET = 14.4;
				MARKETING_VERSION = 1.0;
				PRODUCT_BUNDLE_IDENTIFIER = fr.tectec.training.humancoders.MoveUITests;
				PRODUCT_NAME = "$(TARGET_NAME)";
				SDKROOT = auto;
				SUPPORTED_PLATFORMS = "iphoneos iphonesimulator macosx";
				SWIFT_EMIT_LOC_STRINGS = NO;
				SWIFT_VERSION = 5.0;
				TARGETED_DEVICE_FAMILY = "1,2";
				TEST_HOST = "$(BUILT_PRODUCTS_DIR)/MoveUI.app/$(BUNDLE_EXECUTABLE_FOLDER_PATH)/MoveUI";
			};
			name = Release;
		};
		334A33562BF5F5FA0046BDDD /* Debug */ = {
			isa = XCBuildConfiguration;
			buildSettings = {
				ALWAYS_EMBED_SWIFT_STANDARD_LIBRARIES = YES;
				CODE_SIGN_STYLE = Automatic;
				CURRENT_PROJECT_VERSION = 1;
				DEVELOPMENT_TEAM = A7SGM6JEMA;
				GENERATE_INFOPLIST_FILE = YES;
				IPHONEOS_DEPLOYMENT_TARGET = 17.4;
				MACOSX_DEPLOYMENT_TARGET = 14.4;
				MARKETING_VERSION = 1.0;
				PRODUCT_BUNDLE_IDENTIFIER = fr.tectec.training.humancoders.MoveUIUITests;
				PRODUCT_NAME = "$(TARGET_NAME)";
				SDKROOT = auto;
				SUPPORTED_PLATFORMS = "iphoneos iphonesimulator macosx";
				SWIFT_EMIT_LOC_STRINGS = NO;
				SWIFT_VERSION = 5.0;
				TARGETED_DEVICE_FAMILY = "1,2";
				TEST_TARGET_NAME = MoveUI;
			};
			name = Debug;
		};
		334A33572BF5F5FA0046BDDD /* Release */ = {
			isa = XCBuildConfiguration;
			buildSettings = {
				ALWAYS_EMBED_SWIFT_STANDARD_LIBRARIES = YES;
				CODE_SIGN_STYLE = Automatic;
				CURRENT_PROJECT_VERSION = 1;
				DEVELOPMENT_TEAM = A7SGM6JEMA;
				GENERATE_INFOPLIST_FILE = YES;
				IPHONEOS_DEPLOYMENT_TARGET = 17.4;
				MACOSX_DEPLOYMENT_TARGET = 14.4;
				MARKETING_VERSION = 1.0;
				PRODUCT_BUNDLE_IDENTIFIER = fr.tectec.training.humancoders.MoveUIUITests;
				PRODUCT_NAME = "$(TARGET_NAME)";
				SDKROOT = auto;
				SUPPORTED_PLATFORMS = "iphoneos iphonesimulator macosx";
				SWIFT_EMIT_LOC_STRINGS = NO;
				SWIFT_VERSION = 5.0;
				TARGETED_DEVICE_FAMILY = "1,2";
				TEST_TARGET_NAME = MoveUI;
			};
			name = Release;
		};
/* End XCBuildConfiguration section */

/* Begin XCConfigurationList section */
		334A33252BF5F5F80046BDDD /* Build configuration list for PBXProject "MoveUI" */ = {
			isa = XCConfigurationList;
			buildConfigurations = (
				334A334D2BF5F5FA0046BDDD /* Debug */,
				334A334E2BF5F5FA0046BDDD /* Release */,
			);
			defaultConfigurationIsVisible = 0;
			defaultConfigurationName = Release;
		};
		334A334F2BF5F5FA0046BDDD /* Build configuration list for PBXNativeTarget "MoveUI" */ = {
			isa = XCConfigurationList;
			buildConfigurations = (
				334A33502BF5F5FA0046BDDD /* Debug */,
				334A33512BF5F5FA0046BDDD /* Release */,
			);
			defaultConfigurationIsVisible = 0;
			defaultConfigurationName = Release;
		};
		334A33522BF5F5FA0046BDDD /* Build configuration list for PBXNativeTarget "MoveUITests" */ = {
			isa = XCConfigurationList;
			buildConfigurations = (
				334A33532BF5F5FA0046BDDD /* Debug */,
				334A33542BF5F5FA0046BDDD /* Release */,
			);
			defaultConfigurationIsVisible = 0;
			defaultConfigurationName = Release;
		};
		334A33552BF5F5FA0046BDDD /* Build configuration list for PBXNativeTarget "MoveUIUITests" */ = {
			isa = XCConfigurationList;
			buildConfigurations = (
				334A33562BF5F5FA0046BDDD /* Debug */,
				334A33572BF5F5FA0046BDDD /* Release */,
			);
			defaultConfigurationIsVisible = 0;
			defaultConfigurationName = Release;
		};
/* End XCConfigurationList section */

/* Begin XCRemoteSwiftPackageReference section */
		33CB43222BF7B04300FF2C68 /* XCRemoteSwiftPackageReference "MediaPicker" */ = {
			isa = XCRemoteSwiftPackageReference;
			repositoryURL = "https://github.com/exyte/MediaPicker.git";
			requirement = {
				kind = upToNextMajorVersion;
				minimumVersion = 2.2.3;
			};
		};
/* End XCRemoteSwiftPackageReference section */

/* Begin XCSwiftPackageProductDependency section */
		33CB43232BF7B04300FF2C68 /* ExyteMediaPicker */ = {
			isa = XCSwiftPackageProductDependency;
			package = 33CB43222BF7B04300FF2C68 /* XCRemoteSwiftPackageReference "MediaPicker" */;
			productName = ExyteMediaPicker;
		};
/* End XCSwiftPackageProductDependency section */
	};
	rootObject = 334A33222BF5F5F80046BDDD /* Project object */;
}
